
Microsoft Visual Studio Solution File, Format Version 12.00
# Visual Studio Version 17
VisualStudioVersion = 17.6.33829.357
MinimumVisualStudioVersion = 10.0.40219.1
Project("{FAE04EC0-301F-11D3-BF4B-00C04F79EFBC}") = "EmployeeRecordNET", "EmployeeRecordNET\EmployeeRecordNET.csproj", "{31F17574-8EF0-421D-86B9-EE9ED31B5088}"
EndProject
Global
	GlobalSection(SolutionConfigurationPlatforms) = preSolution
		Debug|Any CPU = Debug|Any CPU
		Release|Any CPU = Release|Any CPU
	EndGlobalSection
	GlobalSection(ProjectConfigurationPlatforms) = postSolution
		{31F17574-8EF0-421D-86B9-EE9ED31B5088}.Debug|Any CPU.ActiveCfg = Debug|Any CPU
		{31F17574-8EF0-421D-86B9-EE9ED31B5088}.Debug|Any CPU.Build.0 = Debug|Any CPU
		{31F17574-8EF0-421D-86B9-EE9ED31B5088}.Release|Any CPU.ActiveCfg = Release|Any CPU
		{31F17574-8EF0-421D-86B9-EE9ED31B5088}.Release|Any CPU.Build.0 = Release|Any CPU
	EndGlobalSection
	GlobalSection(SolutionProperties) = preSolution
		HideSolutionNode = FALSE
	EndGlobalSection
	GlobalSection(ExtensibilityGlobals) = postSolution
		SolutionGuid = {20AFE488-2E1B-4767-B464-D019EAD4734B}
	EndGlobalSection
EndGlobal
